{
  "nodes": {
    "bash-strict-mode": {
      "inputs": {
        "flake-utils": [
          "flaky",
          "bash-strict-mode",
          "flaky",
          "flake-utils"
        ],
        "flaky": [
          "flaky"
        ],
        "nixpkgs": [
          "flaky",
          "bash-strict-mode",
          "flaky",
          "nixpkgs"
        ],
        "shellcheck-nix-attributes": "shellcheck-nix-attributes",
        "systems": [
          "flaky",
          "bash-strict-mode",
          "flaky",
          "systems"
        ]
      },
      "locked": {
        "lastModified": 1766982994,
        "narHash": "sha256-OGhwUC3F6RUjBuAZa7mtMuDavdWQOH0zch7SHGD8V4g=",
        "owner": "sellout",
        "repo": "bash-strict-mode",
        "rev": "15c08bfdeb2a353d27c8703ef49d27dde9953602",
        "type": "github"
      },
      "original": {
        "owner": "sellout",
        "repo": "bash-strict-mode",
        "type": "github"
      }
    },
    "flake-schemas": {
      "locked": {
        "lastModified": 1701189173,
        "narHash": "sha256-ieQZLjqfvOP+52WeMdkD/x5njEIAqjKuAc/jnmruaoc=",
        "owner": "sellout",
        "repo": "flake-schemas",
        "rev": "68727227a8f349fe0831f6389d9a91064637b70c",
        "type": "github"
      },
      "original": {
        "owner": "sellout",
        "ref": "patch-1",
        "repo": "flake-schemas",
        "type": "github"
      }
    },
    "flake-utils": {
      "inputs": {
        "systems": [
          "flaky",
          "systems"
        ]
      },
      "locked": {
        "lastModified": 1731533236,
        "narHash": "sha256-l0KFg5HjrsfsO/JpG+r7fRrqm12kzFHyUHqHCVpMMbI=",
        "owner": "numtide",
        "repo": "flake-utils",
        "rev": "11707dc2f618dd54ca8739b309ec4fc024de578b",
        "type": "github"
      },
      "original": {
        "owner": "numtide",
        "repo": "flake-utils",
        "type": "github"
      }
    },
    "flaky": {
      "inputs": {
        "bash-strict-mode": "bash-strict-mode",
        "flake-utils": "flake-utils",
        "garnix-systems": "garnix-systems",
        "home-manager": "home-manager",
        "nixpkgs": "nixpkgs",
        "project-manager": "project-manager",
        "systems": "systems"
      },
      "locked": {
        "lastModified": 1779470408,
        "narHash": "sha256-ZQHkdR0daOGqpCRUwgREUwXebW/VOKAigqzIHh1vlis=",
        "owner": "sellout",
        "repo": "flaky",
        "rev": "d23a140c1647adc075756c4c3765bc8d034d594e",
        "type": "github"
      },
      "original": {
        "owner": "sellout",
        "repo": "flaky",
        "type": "github"
      }
    },
    "garnix-systems": {
      "locked": {
        "lastModified": 1723225755,
        "narHash": "sha256-y17fVgb4LJheN4VDsHCmZRHrOJwKj8oUPvXk2FqUOnI=",
        "owner": "garnix-io",
        "repo": "nix-systems",
        "rev": "c2466c5c1d3591933b4389868902e2f47a47fadb",
        "type": "github"
      },
      "original": {
        "owner": "garnix-io",
        "repo": "nix-systems",
        "type": "github"
      }
    },
    "home-manager": {
      "inputs": {
        "nixpkgs": [
          "flaky",
          "nixpkgs"
        ]
      },
      "locked": {
        "lastModified": 1778905220,
        "narHash": "sha256-ox/5IHc8uwy6UTw6N7Shp6uCHIgu/S2PsWeuXsOHSo8=",
        "owner": "nix-community",
        "repo": "home-manager",
        "rev": "d1686dc7d36cbd1234cb226ad6ef97e882716acb",
        "type": "github"
      },
      "original": {
        "owner": "nix-community",
        "ref": "release-25.11",
        "repo": "home-manager",
        "type": "github"
      }
    },
    "nixpkgs": {
      "locked": {
        "lastModified": 1779096623,
        "narHash": "sha256-/n27ZHVx5GnIlwomZWEcsdYM/63Fe17XuvOz4esOn0w=",
        "owner": "NixOS",
        "repo": "nixpkgs",
        "rev": "eb6e1131e3a98f7e6934f42cb11b6c9096a0c129",
        "type": "github"
      },
      "original": {
        "owner": "NixOS",
        "ref": "release-25.11",
        "repo": "nixpkgs",
        "type": "github"
      }
    },
    "nixpkgs-22_11": {
      "locked": {
        "lastModified": 1688392541,
        "narHash": "sha256-lHrKvEkCPTUO+7tPfjIcb7Trk6k31rz18vkyqmkeJfY=",
        "owner": "NixOS",
        "repo": "nixpkgs",
        "rev": "ea4c80b39be4c09702b0cb3b42eab59e2ba4f24b",
        "type": "github"
      },
      "original": {
        "owner": "NixOS",
        "ref": "release-22.11",
        "repo": "nixpkgs",
        "type": "github"
      }
    },
    "nixpkgs-23_05": {
      "locked": {
        "lastModified": 1705957679,
        "narHash": "sha256-Q8LJaVZGJ9wo33wBafvZSzapYsjOaNjP/pOnSiKVGHY=",
        "owner": "NixOS",
        "repo": "nixpkgs",
        "rev": "9a333eaa80901efe01df07eade2c16d183761fa3",
        "type": "github"
      },
      "original": {
        "owner": "NixOS",
        "ref": "release-23.05",
        "repo": "nixpkgs",
        "type": "github"
      }
    },
    "nixpkgs-23_11": {
      "locked": {
        "lastModified": 1720535198,
        "narHash": "sha256-zwVvxrdIzralnSbcpghA92tWu2DV2lwv89xZc8MTrbg=",
        "owner": "NixOS",
        "repo": "nixpkgs",
        "rev": "205fd4226592cc83fd4c0885a3e4c9c400efabb5",
        "type": "github"
      },
      "original": {
        "owner": "NixOS",
        "ref": "release-23.11",
        "repo": "nixpkgs",
        "type": "github"
      }
    },
    "nixpkgs-24_05": {
      "locked": {
        "lastModified": 1735651292,
        "narHash": "sha256-YLbzcBtYo1/FEzFsB3AnM16qFc6fWPMIoOuSoDwvg9g=",
        "owner": "NixOS",
        "repo": "nixpkgs",
        "rev": "0da3c44a9460a26d2025ec3ed2ec60a895eb1114",
        "type": "github"
      },
      "original": {
        "owner": "NixOS",
        "ref": "release-24.05",
        "repo": "nixpkgs",
        "type": "github"
      }
    },
    "nixpkgs-24_11": {
      "locked": {
        "lastModified": 1751290243,
        "narHash": "sha256-kNf+obkpJZWar7HZymXZbW+Rlk3HTEIMlpc6FCNz0Ds=",
        "owner": "NixOS",
        "repo": "nixpkgs",
        "rev": "5ab036a8d97cb9476fbe81b09076e6e91d15e1b6",
        "type": "github"
      },
      "original": {
        "owner": "NixOS",
        "ref": "release-24.11",
        "repo": "nixpkgs",
        "type": "github"
      }
    },
    "nixpkgs-25_05": {
      "locked": {
        "lastModified": 1768649915,
        "narHash": "sha256-jc21hKogFnxU7KXSVTRmxC7u5D4RHwm9BAvDf5/Z1Uo=",
        "owner": "NixOS",
        "repo": "nixpkgs",
        "rev": "3e3f3c7f9977dc123c23ee21e8085ed63daf8c37",
        "type": "github"
      },
      "original": {
        "owner": "NixOS",
        "ref": "release-25.05",
        "repo": "nixpkgs",
        "type": "github"
      }
    },
    "nixpkgs-unstable": {
      "locked": {
        "lastModified": 1776329215,
        "narHash": "sha256-a8BYi3mzoJ/AcJP8UldOx8emoPRLeWqALZWu4ZvjPXw=",
        "owner": "NixOS",
        "repo": "nixpkgs",
        "rev": "b86751bc4085f48661017fa226dee99fab6c651b",
        "type": "github"
      },
      "original": {
        "owner": "NixOS",
        "ref": "nixpkgs-unstable",
        "repo": "nixpkgs",
        "type": "github"
      }
    },
    "project-manager": {
      "inputs": {
        "flake-schemas": "flake-schemas",
        "flake-utils": [
          "flaky",
          "project-manager",
          "flaky",
          "flake-utils"
        ],
        "flaky": [
          "flaky"
        ],
        "nixpkgs": [
          "flaky",
          "project-manager",
          "flaky",
          "nixpkgs"
        ],
        "nixpkgs-22_11": "nixpkgs-22_11",
        "nixpkgs-23_05": "nixpkgs-23_05",
        "nixpkgs-23_11": "nixpkgs-23_11",
        "nixpkgs-24_05": "nixpkgs-24_05",
        "nixpkgs-24_11": "nixpkgs-24_11",
        "nixpkgs-25_05": "nixpkgs-25_05",
        "nixpkgs-unstable": "nixpkgs-unstable",
        "systems": [
          "flaky",
          "project-manager",
          "flaky",
          "systems"
        ],
        "treefmt-nix": "treefmt-nix"
      },
      "locked": {
        "lastModified": 1776532586,
        "narHash": "sha256-Er40bMkNdQz7CG1/dU/7ebTJGXlF1y0totWOkL3WDFc=",
        "owner": "sellout",
        "repo": "project-manager",
        "rev": "023a2ee2d52d48567c98fb6293d883463c3b22e6",
        "type": "github"
      },
      "original": {
        "owner": "sellout",
        "repo": "project-manager",
        "type": "github"
      }
    },
    "root": {
      "inputs": {
        "flake-utils": [
          "flaky",
          "flake-utils"
        ],
        "flaky": "flaky",
        "nixpkgs": [
          "flaky",
          "nixpkgs"
        ],
        "systems": [
          "flaky",
          "systems"
        ]
      }
    },
    "shellcheck-nix-attributes": {
      "flake": false,
      "locked": {
        "lastModified": 1586929030,
        "narHash": "sha256-a0WyWaz+nMYFWI43Ip9EUnPuBW0O4EIiTzYZKGqNjss=",
        "owner": "Fuuzetsu",
        "repo": "shellcheck-nix-attributes",
        "rev": "51b49d5fe65ece69eb5e2003396bf096083ec281",
        "type": "github"
      },
      "original": {
        "owner": "Fuuzetsu",
        "repo": "shellcheck-nix-attributes",
        "type": "github"
      }
    },
    "systems": {
      "locked": {
        "lastModified": 1726558681,
        "narHash": "sha256-vta8mxLa5XxpHfb9HCiavFqBrX2xJDvZiKHZOy4kvlA=",
        "owner": "sellout",
        "repo": "nix-systems",
        "rev": "aa9520a9a0f92098d3576c3b4eafcb32c13d6800",
        "type": "github"
      },
      "original": {
        "owner": "sellout",
        "repo": "nix-systems",
        "type": "github"
      }
    },
    "treefmt-nix": {
      "inputs": {
        "nixpkgs": [
          "flaky",
          "project-manager",
          "nixpkgs"
        ]
      },
      "locked": {
        "lastModified": 1775636079,
        "narHash": "sha256-pc20NRoMdiar8oPQceQT47UUZMBTiMdUuWrYu2obUP0=",
        "owner": "numtide",
        "repo": "treefmt-nix",
        "rev": "790751ff7fd3801feeaf96d7dc416a8d581265ba",
        "type": "github"
      },
      "original": {
        "owner": "numtide",
        "repo": "treefmt-nix",
        "type": "github"
      }
    }
  },
  "root": "root",
  "version": 7
}
